// !$*UTF8*$!
{
	archiveVersion = 1;
	classes = {
	};
	objectVersion = 46;
	objects = {

/* Begin PBXBuildFile section */
		109CE9CD183A9C88004E625F /* Foundation.framework in Frameworks */ = {isa = PBXBuildFile; fileRef = 109CE9CC183A9C88004E625F /* Foundation.framework */; };
		109CE9CF183A9C88004E625F /* CoreGraphics.framework in Frameworks */ = {isa = PBXBuildFile; fileRef = 109CE9CE183A9C88004E625F /* CoreGraphics.framework */; };
		109CE9D1183A9C88004E625F /* UIKit.framework in Frameworks */ = {isa = PBXBuildFile; fileRef = 109CE9D0183A9C88004E625F /* UIKit.framework */; };
		109CE9D7183A9C88004E625F /* InfoPlist.strings in Resources */ = {isa = PBXBuildFile; fileRef = 109CE9D5183A9C88004E625F /* InfoPlist.strings */; };
		109CE9D9183A9C88004E625F /* main.m in Sources */ = {isa = PBXBuildFile; fileRef = 109CE9D8183A9C88004E625F /* main.m */; };
		109CE9DD183A9C88004E625F /* AppDelegate.m in Sources */ = {isa = PBXBuildFile; fileRef = 109CE9DC183A9C88004E625F /* AppDelegate.m */; };
		109CE9E0183A9C88004E625F /* Main.storyboard in Resources */ = {isa = PBXBuildFile; fileRef = 109CE9DE183A9C88004E625F /* Main.storyboard */; };
		109CE9E3183A9C88004E625F /* ViewController.m in Sources */ = {isa = PBXBuildFile; fileRef = 109CE9E2183A9C88004E625F /* ViewController.m */; };
		109CE9E5183A9C88004E625F /* Images.xcassets in Resources */ = {isa = PBXBuildFile; fileRef = 109CE9E4183A9C88004E625F /* Images.xcassets */; };
		109CE9EC183A9C88004E625F /* XCTest.framework in Frameworks */ = {isa = PBXBuildFile; fileRef = 109CE9EB183A9C88004E625F /* XCTest.framework */; };
		109CE9ED183A9C88004E625F /* Foundation.framework in Frameworks */ = {isa = PBXBuildFile; fileRef = 109CE9CC183A9C88004E625F /* Foundation.framework */; };
		109CE9EE183A9C88004E625F /* UIKit.framework in Frameworks */ = {isa = PBXBuildFile; fileRef = 109CE9D0183A9C88004E625F /* UIKit.framework */; };
		109CE9F6183A9C88004E625F /* InfoPlist.strings in Resources */ = {isa = PBXBuildFile; fileRef = 109CE9F4183A9C88004E625F /* InfoPlist.strings */; };
		109CE9F8183A9C88004E625F /* DiceRollAppTests.m in Sources */ = {isa = PBXBuildFile; fileRef = 109CE9F7183A9C88004E625F /* DiceRollAppTests.m */; };
		109CEA03183A9DC9004E625F /* DieView.m in Sources */ = {isa = PBXBuildFile; fileRef = 109CEA02183A9DC9004E625F /* DieView.m */; };
		109CEA06183A9F5C004E625F /* DiceDataController.m in Sources */ = {isa = PBXBuildFile; fileRef = 109CEA05183A9F5C004E625F /* DiceDataController.m */; };
/* End PBXBuildFile section */

/* Begin PBXContainerItemProxy section */
		109CE9EF183A9C88004E625F /* PBXContainerItemProxy */ = {
			isa = PBXContainerItemProxy;
			containerPortal = 109CE9C1183A9C88004E625F /* Project object */;
			proxyType = 1;
			remoteGlobalIDString = 109CE9C8183A9C88004E625F;
			remoteInfo = DiceRollApp;
		};
/* End PBXContainerItemProxy section */

/* Begin PBXFileReference section */
		109CE9C9183A9C88004E625F /* DiceRollApp.app */ = {isa = PBXFileReference; explicitFileType = wrapper.application; includeInIndex = 0; path = DiceRollApp.app; sourceTree = BUILT_PRODUCTS_DIR; };
		109CE9CC183A9C88004E625F /* Foundation.framework */ = {isa = PBXFileReference; lastKnownFileType = wrapper.framework; name = Foundation.framework; path = System/Library/Frameworks/Foundation.framework; sourceTree = SDKROOT; };
		109CE9CE183A9C88004E625F /* CoreGraphics.framework */ = {isa = PBXFileReference; lastKnownFileType = wrapper.framework; name = CoreGraphics.framework; path = System/Library/Frameworks/CoreGraphics.framework; sourceTree = SDKROOT; };
		109CE9D0183A9C88004E625F /* UIKit.framework */ = {isa = PBXFileReference; lastKnownFileType = wrapper.framework; name = UIKit.framework; path = System/Library/Frameworks/UIKit.framework; sourceTree = SDKROOT; };
		109CE9D4183A9C88004E625F /* DiceRollApp-Info.plist */ = {isa = PBXFileReference; lastKnownFileType = text.plist.xml; path = "DiceRollApp-Info.plist"; sourceTree = "<group>"; };
		109CE9D6183A9C88004E625F /* en */ = {isa = PBXFileReference; lastKnownFileType = text.plist.strings; name = en; path = en.lproj/InfoPlist.strings; sourceTree = "<group>"; };
		109CE9D8183A9C88004E625F /* main.m */ = {isa = PBXFileReference; lastKnownFileType = sourcecode.c.objc; path = main.m; sourceTree = "<group>"; };
		109CE9DA183A9C88004E625F /* DiceRollApp-Prefix.pch */ = {isa = PBXFileReference; lastKnownFileType = sourcecode.c.h; path = "DiceRollApp-Prefix.pch"; sourceTree = "<group>"; };
		109CE9DB183A9C88004E625F /* AppDelegate.h */ = {isa = PBXFileReference; lastKnownFileType = sourcecode.c.h; path = AppDelegate.h; sourceTree = "<group>"; };
		109CE9DC183A9C88004E625F /* AppDelegate.m */ = {isa = PBXFileReference; lastKnownFileType = sourcecode.c.objc; path = AppDelegate.m; sourceTree = "<group>"; };
		109CE9DF183A9C88004E625F /* Base */ = {isa = PBXFileReference; lastKnownFileType = file.storyboard; name = Base; path = Base.lproj/Main.storyboard; sourceTree = "<group>"; };
		109CE9E1183A9C88004E625F /* ViewController.h */ = {isa = PBXFileReference; lastKnownFileType = sourcecode.c.h; path = ViewController.h; sourceTree = "<group>"; };
		109CE9E2183A9C88004E625F /* ViewController.m */ = {isa = PBXFileReference; lastKnownFileType = sourcecode.c.objc; path = ViewController.m; sourceTree = "<group>"; };
		109CE9E4183A9C88004E625F /* Images.xcassets */ = {isa = PBXFileReference; lastKnownFileType = folder.assetcatalog; path = Images.xcassets; sourceTree = "<group>"; };
		109CE9EA183A9C88004E625F /* DiceRollAppTests.xctest */ = {isa = PBXFileReference; explicitFileType = wrapper.cfbundle; includeInIndex = 0; path = DiceRollAppTests.xctest; sourceTree = BUILT_PRODUCTS_DIR; };
		109CE9EB183A9C88004E625F /* XCTest.framework */ = {isa = PBXFileReference; lastKnownFileType = wrapper.framework; name = XCTest.framework; path = Library/Frameworks/XCTest.framework; sourceTree = DEVELOPER_DIR; };
		109CE9F3183A9C88004E625F /* DiceRollAppTests-Info.plist */ = {isa = PBXFileReference; lastKnownFileType = text.plist.xml; path = "DiceRollAppTests-Info.plist"; sourceTree = "<group>"; };
		109CE9F5183A9C88004E625F /* en */ = {isa = PBXFileReference; lastKnownFileType = text.plist.strings; name = en; path = en.lproj/InfoPlist.strings; sourceTree = "<group>"; };
		109CE9F7183A9C88004E625F /* DiceRollAppTests.m */ = {isa = PBXFileReference; lastKnownFileType = sourcecode.c.objc; path = DiceRollAppTests.m; sourceTree = "<group>"; };
		109CEA01183A9DC9004E625F /* DieView.h */ = {isa = PBXFileReference; fileEncoding = 4; lastKnownFileType = sourcecode.c.h; path = DieView.h; sourceTree = "<group>"; };
		109CEA02183A9DC9004E625F /* DieView.m */ = {isa = PBXFileReference; fileEncoding = 4; lastKnownFileType = sourcecode.c.objc; path = DieView.m; sourceTree = "<group>"; };
		109CEA04183A9F5C004E625F /* DiceDataController.h */ = {isa = PBXFileReference; fileEncoding = 4; lastKnownFileType = sourcecode.c.h; path = DiceDataController.h; sourceTree = "<group>"; };
		109CEA05183A9F5C004E625F /* DiceDataController.m */ = {isa = PBXFileReference; fileEncoding = 4; lastKnownFileType = sourcecode.c.objc; path = DiceDataController.m; sourceTree = "<group>"; };
/* End PBXFileReference section */

/* Begin PBXFrameworksBuildPhase section */
		109CE9C6183A9C88004E625F /* Frameworks */ = {
			isa = PBXFrameworksBuildPhase;
			buildActionMask = 2147483647;
			files = (
				109CE9CF183A9C88004E625F /* CoreGraphics.framework in Frameworks */,
				109CE9D1183A9C88004E625F /* UIKit.framework in Frameworks */,
				109CE9CD183A9C88004E625F /* Foundation.framework in Frameworks */,
			);
			runOnlyForDeploymentPostprocessing = 0;
		};
		109CE9E7183A9C88004E625F /* Frameworks */ = {
			isa = PBXFrameworksBuildPhase;
			buildActionMask = 2147483647;
			files = (
				109CE9EC183A9C88004E625F /* XCTest.framework in Frameworks */,
				109CE9EE183A9C88004E625F /* UIKit.framework in Frameworks */,
				109CE9ED183A9C88004E625F /* Foundation.framework in Frameworks */,
			);
			runOnlyForDeploymentPostprocessing = 0;
		};
/* End PBXFrameworksBuildPhase section */

/* Begin PBXGroup section */
		109CE9C0183A9C88004E625F = {
			isa = PBXGroup;
			children = (
				109CE9D2183A9C88004E625F /* DiceRollApp */,
				109CE9F1183A9C88004E625F /* DiceRollAppTests */,
				109CE9CB183A9C88004E625F /* Frameworks */,
				109CE9CA183A9C88004E625F /* Products */,
			);
			sourceTree = "<group>";
		};
		109CE9CA183A9C88004E625F /* Products */ = {
			isa = PBXGroup;
			children = (
				109CE9C9183A9C88004E625F /* DiceRollApp.app */,
				109CE9EA183A9C88004E625F /* DiceRollAppTests.xctest */,
			);
			name = Products;
			sourceTree = "<group>";
		};
		109CE9CB183A9C88004E625F /* Frameworks */ = {
			isa = PBXGroup;
			children = (
				109CE9CC183A9C88004E625F /* Foundation.framework */,
				109CE9CE183A9C88004E625F /* CoreGraphics.framework */,
				109CE9D0183A9C88004E625F /* UIKit.framework */,
				109CE9EB183A9C88004E625F /* XCTest.framework */,
			);
			name = Frameworks;
			sourceTree = "<group>";
		};
		109CE9D2183A9C88004E625F /* DiceRollApp */ = {
			isa = PBXGroup;
			children = (
				109CE9DB183A9C88004E625F /* AppDelegate.h */,
				109CE9DC183A9C88004E625F /* AppDelegate.m */,
				109CE9DE183A9C88004E625F /* Main.storyboard */,
				109CE9E1183A9C88004E625F /* ViewController.h */,
				109CE9E2183A9C88004E625F /* ViewController.m */,
				109CE9E4183A9C88004E625F /* Images.xcassets */,
				109CE9D3183A9C88004E625F /* Supporting Files */,
				109CEA01183A9DC9004E625F /* DieView.h */,
				109CEA02183A9DC9004E625F /* DieView.m */,
				109CEA04183A9F5C004E625F /* DiceDataController.h */,
				109CEA05183A9F5C004E625F /* DiceDataController.m */,
			);
			path = DiceRollApp;
			sourceTree = "<group>";
		};
		109CE9D3183A9C88004E625F /* Supporting Files */ = {
			isa = PBXGroup;
			children = (
				109CE9D4183A9C88004E625F /* DiceRollApp-Info.plist */,
				109CE9D5183A9C88004E625F /* InfoPlist.strings */,
				109CE9D8183A9C88004E625F /* main.m */,
				109CE9DA183A9C88004E625F /* DiceRollApp-Prefix.pch */,
			);
			name = "Supporting Files";
			sourceTree = "<group>";
		};
		109CE9F1183A9C88004E625F /* DiceRollAppTests */ = {
			isa = PBXGroup;
			children = (
				109CE9F7183A9C88004E625F /* DiceRollAppTests.m */,
				109CE9F2183A9C88004E625F /* Supporting Files */,
			);
			path = DiceRollAppTests;
			sourceTree = "<group>";
		};
		109CE9F2183A9C88004E625F /* Supporting Files */ = {
			isa = PBXGroup;
			children = (
				109CE9F3183A9C88004E625F /* DiceRollAppTests-Info.plist */,
				109CE9F4183A9C88004E625F /* InfoPlist.strings */,
			);
			name = "Supporting Files";
			sourceTree = "<group>";
		};
/* End PBXGroup section */

/* Begin PBXNativeTarget section */
		109CE9C8183A9C88004E625F /* DiceRollApp */ = {
			isa = PBXNativeTarget;
			buildConfigurationList = 109CE9FB183A9C88004E625F /* Build configuration list for PBXNativeTarget "DiceRollApp" */;
			buildPhases = (
				109CE9C5183A9C88004E625F /* Sources */,
				109CE9C6183A9C88004E625F /* Frameworks */,
				109CE9C7183A9C88004E625F /* Resources */,
			);
			buildRules = (
			);
			dependencies = (
			);
			name = DiceRollApp;
			productName = DiceRollApp;
			productReference = 109CE9C9183A9C88004E625F /* DiceRollApp.app */;
			productType = "com.apple.product-type.application";
		};
		109CE9E9183A9C88004E625F /* DiceRollAppTests */ = {
			isa = PBXNativeTarget;
			buildConfigurationList = 109CE9FE183A9C88004E625F /* Build configuration list for PBXNativeTarget "DiceRollAppTests" */;
			buildPhases = (
				109CE9E6183A9C88004E625F /* Sources */,
				109CE9E7183A9C88004E625F /* Frameworks */,
				109CE9E8183A9C88004E625F /* Resources */,
			);
			buildRules = (
			);
			dependencies = (
				109CE9F0183A9C88004E625F /* PBXTargetDependency */,
			);
			name = DiceRollAppTests;
			productName = DiceRollAppTests;
			productReference = 109CE9EA183A9C88004E625F /* DiceRollAppTests.xctest */;
			productType = "com.apple.product-type.bundle.unit-test";
		};
/* End PBXNativeTarget section */

/* Begin PBXProject section */
		109CE9C1183A9C88004E625F /* Project object */ = {
			isa = PBXProject;
			attributes = {
				LastUpgradeCheck = 0500;
				ORGANIZATIONNAME = Redbean;
				TargetAttributes = {
					109CE9E9183A9C88004E625F = {
						TestTargetID = 109CE9C8183A9C88004E625F;
					};
				};
			};
			buildConfigurationList = 109CE9C4183A9C88004E625F /* Build configuration list for PBXProject "DiceRollApp" */;
			compatibilityVersion = "Xcode 3.2";
			developmentRegion = English;
			hasScannedForEncodings = 0;
			knownRegions = (
				en,
				Base,
			);
			mainGroup = 109CE9C0183A9C88004E625F;
			productRefGroup = 109CE9CA183A9C88004E625F /* Products */;
			projectDirPath = "";
			projectRoot = "";
			targets = (
				109CE9C8183A9C88004E625F /* DiceRollApp */,
				109CE9E9183A9C88004E625F /* DiceRollAppTests */,
			);
		};
/* End PBXProject section */

/* Begin PBXResourcesBuildPhase section */
		109CE9C7183A9C88004E625F /* Resources */ = {
			isa = PBXResourcesBuildPhase;
			buildActionMask = 2147483647;
			files = (
				109CE9E5183A9C88004E625F /* Images.xcassets in Resources */,
				109CE9D7183A9C88004E625F /* InfoPlist.strings in Resources */,
				109CE9E0183A9C88004E625F /* Main.storyboard in Resources */,
			);
			runOnlyForDeploymentPostprocessing = 0;
		};
		109CE9E8183A9C88004E625F /* Resources */ = {
			isa = PBXResourcesBuildPhase;
			buildActionMask = 2147483647;
			files = (
				109CE9F6183A9C88004E625F /* InfoPlist.strings in Resources */,
			);
			runOnlyForDeploymentPostprocessing = 0;
		};
/* End PBXResourcesBuildPhase section */

/* Begin PBXSourcesBuildPhase section */
		109CE9C5183A9C88004E625F /* Sources */ = {
			isa = PBXSourcesBuildPhase;
			buildActionMask = 2147483647;
			files = (
				109CE9E3183A9C88004E625F /* ViewController.m in Sources */,
				109CEA03183A9DC9004E625F /* DieView.m in Sources */,
				109CE9DD183A9C88004E625F /* AppDelegate.m in Sources */,
				109CEA06183A9F5C004E625F /* DiceDataController.m in Sources */,
				109CE9D9183A9C88004E625F /* main.m in Sources */,
			);
			runOnlyForDeploymentPostprocessing = 0;
		};
		109CE9E6183A9C88004E625F /* Sources */ = {
			isa = PBXSourcesBuildPhase;
			buildActionMask = 2147483647;
			files = (
				109CE9F8183A9C88004E625F /* DiceRollAppTests.m in Sources */,
			);
			runOnlyForDeploymentPostprocessing = 0;
		};
/* End PBXSourcesBuildPhase section */

/* Begin PBXTargetDependency section */
		109CE9F0183A9C88004E625F /* PBXTargetDependency */ = {
			isa = PBXTargetDependency;
			target = 109CE9C8183A9C88004E625F /* DiceRollApp */;
			targetProxy = 109CE9EF183A9C88004E625F /* PBXContainerItemProxy */;
		};
/* End PBXTargetDependency section */

/* Begin PBXVariantGroup section */
		109CE9D5183A9C88004E625F /* InfoPlist.strings */ = {
			isa = PBXVariantGroup;
			children = (
				109CE9D6183A9C88004E625F /* en */,
			);
			name = InfoPlist.strings;
			sourceTree = "<group>";
		};
		109CE9DE183A9C88004E625F /* Main.storyboard */ = {
			isa = PBXVariantGroup;
			children = (
				109CE9DF183A9C88004E625F /* Base */,
			);
			name = Main.storyboard;
			sourceTree = "<group>";
		};
		109CE9F4183A9C88004E625F /* InfoPlist.strings */ = {
			isa = PBXVariantGroup;
			children = (
				109CE9F5183A9C88004E625F /* en */,
			);
			name = InfoPlist.strings;
			sourceTree = "<group>";
		};
/* End PBXVariantGroup section */

/* Begin XCBuildConfiguration section */
		109CE9F9183A9C88004E625F /* Debug */ = {
			isa = XCBuildConfiguration;
			buildSettings = {
				ALWAYS_SEARCH_USER_PATHS = NO;
				ARCHS = "$(ARCHS_STANDARD_INCLUDING_64_BIT)";
				CLANG_CXX_LANGUAGE_STANDARD = "gnu++0x";
				CLANG_CXX_LIBRARY = "libc++";
				CLANG_ENABLE_MODULES = YES;
				CLANG_ENABLE_OBJC_ARC = YES;
				CLANG_WARN_BOOL_CONVERSION = YES;
				CLANG_WARN_CONSTANT_CONVERSION = YES;
				CLANG_WARN_DIRECT_OBJC_ISA_USAGE = YES_ERROR;
				CLANG_WARN_EMPTY_BODY = YES;
				CLANG_WARN_ENUM_CONVERSION = YES;
				CLANG_WARN_INT_CONVERSION = YES;
				CLANG_WARN_OBJC_ROOT_CLASS = YES_ERROR;
				CLANG_WARN__DUPLICATE_METHOD_MATCH = YES;
				"CODE_SIGN_IDENTITY[sdk=iphoneos*]" = "iPhone Developer";
				COPY_PHASE_STRIP = NO;
				GCC_C_LANGUAGE_STANDARD = gnu99;
				GCC_DYNAMIC_NO_PIC = NO;
				GCC_OPTIMIZATION_LEVEL = 0;
				GCC_PREPROCESSOR_DEFINITIONS = (
					"DEBUG=1",
					"$(inherited)",
				);
				GCC_SYMBOLS_PRIVATE_EXTERN = NO;
				GCC_WARN_64_TO_32_BIT_CONVERSION = YES;
				GCC_WARN_ABOUT_RETURN_TYPE = YES_ERROR;
				GCC_WARN_UNDECLARED_SELECTOR = YES;
				GCC_WARN_UNINITIALIZED_AUTOS = YES;
				GCC_WARN_UNUSED_FUNCTION = YES;
				GCC_WARN_UNUSED_VARIABLE = YES;
				IPHONEOS_DEPLOYMENT_TARGET = 7.0;
				ONLY_ACTIVE_ARCH = YES;
				SDKROOT = iphoneos;
			};
			name = Debug;
		};
		109CE9FA183A9C88004E625F /* Release */ = {
			isa = XCBuildConfiguration;
			buildSettings = {
				ALWAYS_SEARCH_USER_PATHS = NO;
				ARCHS = "$(ARCHS_STANDARD_INCLUDING_64_BIT)";
				CLANG_CXX_LANGUAGE_STANDARD = "gnu++0x";
				CLANG_CXX_LIBRARY = "libc++";
				CLANG_ENABLE_MODULES = YES;
				CLANG_ENABLE_OBJC_ARC = YES;
				CLANG_WARN_BOOL_CONVERSION = YES;
				CLANG_WARN_CONSTANT_CONVERSION = YES;
				CLANG_WARN_DIRECT_OBJC_ISA_USAGE = YES_ERROR;
				CLANG_WARN_EMPTY_BODY = YES;
				CLANG_WARN_ENUM_CONVERSION = YES;
				CLANG_WARN_INT_CONVERSION = YES;
				CLANG_WARN_OBJC_ROOT_CLASS = YES_ERROR;
				CLANG_WARN__DUPLICATE_METHOD_MATCH = YES;
				"CODE_SIGN_IDENTITY[sdk=iphoneos*]" = "iPhone Developer";
				COPY_PHASE_STRIP = YES;
				ENABLE_NS_ASSERTIONS = NO;
				GCC_C_LANGUAGE_STANDARD = gnu99;
				GCC_WARN_64_TO_32_BIT_CONVERSION = YES;
				GCC_WARN_ABOUT_RETURN_TYPE = YES_ERROR;
				GCC_WARN_UNDECLARED_SELECTOR = YES;
				GCC_WARN_UNINITIALIZED_AUTOS = YES;
				GCC_WARN_UNUSED_FUNCTION = YES;
				GCC_WARN_UNUSED_VARIABLE = YES;
				IPHONEOS_DEPLOYMENT_TARGET = 7.0;
				SDKROOT = iphoneos;
				VALIDATE_PRODUCT = YES;
			};
			name = Release;
		};
		109CE9FC183A9C88004E625F /* Debug */ = {
			isa = XCBuildConfiguration;
			buildSettings = {
				ASSETCATALOG_COMPILER_APPICON_NAME = AppIcon;
				ASSETCATALOG_COMPILER_LAUNCHIMAGE_NAME = LaunchImage;
				GCC_PRECOMPILE_PREFIX_HEADER = YES;
				GCC_PREFIX_HEADER = "DiceRollApp/DiceRollApp-Prefix.pch";
				INFOPLIST_FILE = "DiceRollApp/DiceRollApp-Info.plist";
				PRODUCT_NAME = "$(TARGET_NAME)";
				WRAPPER_EXTENSION = app;
			};
			name = Debug;
		};
		109CE9FD183A9C88004E625F /* Release */ = {
			isa = XCBuildConfiguration;
			buildSettings = {
				ASSETCATALOG_COMPILER_APPICON_NAME = AppIcon;
				ASSETCATALOG_COMPILER_LAUNCHIMAGE_NAME = LaunchImage;
				GCC_PRECOMPILE_PREFIX_HEADER = YES;
				GCC_PREFIX_HEADER = "DiceRollApp/DiceRollApp-Prefix.pch";
				INFOPLIST_FILE = "DiceRollApp/DiceRollApp-Info.plist";
				PRODUCT_NAME = "$(TARGET_NAME)";
				WRAPPER_EXTENSION = app;
			};
			name = Release;
		};
		109CE9FF183A9C88004E625F /* Debug */ = {
			isa = XCBuildConfiguration;
			buildSettings = {
				ARCHS = "$(ARCHS_STANDARD_INCLUDING_64_BIT)";
				BUNDLE_LOADER = "$(BUILT_PRODUCTS_DIR)/DiceRollApp.app/DiceRollApp";
				FRAMEWORK_SEARCH_PATHS = (
					"$(SDKROOT)/Developer/Library/Frameworks",
					"$(inherited)",
					"$(DEVELOPER_FRAMEWORKS_DIR)",
				);
				GCC_PRECOMPILE_PREFIX_HEADER = YES;
				GCC_PREFIX_HEADER = "DiceRollApp/DiceRollApp-Prefix.pch";
				GCC_PREPROCESSOR_DEFINITIONS = (
					"DEBUG=1",
					"$(inherited)",
				);
				INFOPLIST_FILE = "DiceRollAppTests/DiceRollAppTests-Info.plist";
				PRODUCT_NAME = "$(TARGET_NAME)";
				TEST_HOST = "$(BUNDLE_LOADER)";
				WRAPPER_EXTENSION = xctest;
			};
			name = Debug;
		};
		109CEA00183A9C88004E625F /* Release */ = {
			isa = XCBuildConfiguration;
			buildSettings = {
				ARCHS = "$(ARCHS_STANDARD_INCLUDING_64_BIT)";
				BUNDLE_LOADER = "$(BUILT_PRODUCTS_DIR)/DiceRollApp.app/DiceRollApp";
				FRAMEWORK_SEARCH_PATHS = (
					"$(SDKROOT)/Developer/Library/Frameworks",
					"$(inherited)",
					"$(DEVELOPER_FRAMEWORKS_DIR)",
				);
				GCC_PRECOMPILE_PREFIX_HEADER = YES;
				GCC_PREFIX_HEADER = "DiceRollApp/DiceRollApp-Prefix.pch";
				INFOPLIST_FILE = "DiceRollAppTests/DiceRollAppTests-Info.plist";
				PRODUCT_NAME = "$(TARGET_NAME)";
				TEST_HOST = "$(BUNDLE_LOADER)";
				WRAPPER_EXTENSION = xctest;
			};
			name = Release;
		};
/* End XCBuildConfiguration section */

/* Begin XCConfigurationList section */
		109CE9C4183A9C88004E625F /* Build configuration list for PBXProject "DiceRollApp" */ = {
			isa = XCConfigurationList;
			buildConfigurations = (
				109CE9F9183A9C88004E625F /* Debug */,
				109CE9FA183A9C88004E625F /* Release */,
			);
			defaultConfigurationIsVisible = 0;
			defaultConfigurationName = Release;
		};
		109CE9FB183A9C88004E625F /* Build configuration list for PBXNativeTarget "DiceRollApp" */ = {
			isa = XCConfigurationList;
			buildConfigurations = (
				109CE9FC183A9C88004E625F /* Debug */,
				109CE9FD183A9C88004E625F /* Release */,
			);
			defaultConfigurationIsVisible = 0;
		};
		109CE9FE183A9C88004E625F /* Build configuration list for PBXNativeTarget "DiceRollAppTests" */ = {
			isa = XCConfigurationList;
			buildConfigurations = (
				109CE9FF183A9C88004E625F /* Debug */,
				109CEA00183A9C88004E625F /* Release */,
			);
			defaultConfigurationIsVisible = 0;
		};
/* End XCConfigurationList section */
	};
	rootObject = 109CE9C1183A9C88004E625F /* Project object */;
}
